
Microsoft Visual Studio Solution File, Format Version 12.00
# Visual Studio Version 17
VisualStudioVersion = 17.9.34616.47
MinimumVisualStudioVersion = 10.0.40219.1
Project("{FAE04EC0-301F-11D3-BF4B-00C04F79EFBC}") = "SistemaContatos", "SistemaContatos\SistemaContatos.csproj", "{D22F310A-47D5-4D2F-A4BC-3D3BD8E9D100}"
EndProject
Global
	GlobalSection(SolutionConfigurationPlatforms) = preSolution
		Debug|Any CPU = Debug|Any CPU
		Release|Any CPU = Release|Any CPU
	EndGlobalSection
	GlobalSection(ProjectConfigurationPlatforms) = postSolution
		{D22F310A-47D5-4D2F-A4BC-3D3BD8E9D100}.Debug|Any CPU.ActiveCfg = Debug|Any CPU
		{D22F310A-47D5-4D2F-A4BC-3D3BD8E9D100}.Debug|Any CPU.Build.0 = Debug|Any CPU
		{D22F310A-47D5-4D2F-A4BC-3D3BD8E9D100}.Release|Any CPU.ActiveCfg = Release|Any CPU
		{D22F310A-47D5-4D2F-A4BC-3D3BD8E9D100}.Release|Any CPU.Build.0 = Release|Any CPU
	EndGlobalSection
	GlobalSection(SolutionProperties) = preSolution
		HideSolutionNode = FALSE
	EndGlobalSection
	GlobalSection(ExtensibilityGlobals) = postSolution
		SolutionGuid = {DDAE02F4-6490-4AFA-AB6A-6925F0556389}
	EndGlobalSection
EndGlobal
