
Microsoft Visual Studio Solution File, Format Version 12.00
# Visual Studio Version 17
VisualStudioVersion = 17.9.34616.47
MinimumVisualStudioVersion = 10.0.40219.1
Project("{FAE04EC0-301F-11D3-BF4B-00C04F79EFBC}") = "Exemplo02_FactoryMethod", "Exemplo02_FactoryMethod.csproj", "{4949F756-5053-430F-AF97-D127EA287454}"
EndProject
Global
	GlobalSection(SolutionConfigurationPlatforms) = preSolution
		Debug|Any CPU = Debug|Any CPU
		Release|Any CPU = Release|Any CPU
	EndGlobalSection
	GlobalSection(ProjectConfigurationPlatforms) = postSolution
		{4949F756-5053-430F-AF97-D127EA287454}.Debug|Any CPU.ActiveCfg = Debug|Any CPU
		{4949F756-5053-430F-AF97-D127EA287454}.Debug|Any CPU.Build.0 = Debug|Any CPU
		{4949F756-5053-430F-AF97-D127EA287454}.Release|Any CPU.ActiveCfg = Release|Any CPU
		{4949F756-5053-430F-AF97-D127EA287454}.Release|Any CPU.Build.0 = Release|Any CPU
	EndGlobalSection
	GlobalSection(SolutionProperties) = preSolution
		HideSolutionNode = FALSE
	EndGlobalSection
	GlobalSection(ExtensibilityGlobals) = postSolution
		SolutionGuid = {DB9B46B0-72EF-4F93-96C9-4941849D0FAE}
	EndGlobalSection
EndGlobal
